
Microsoft Visual Studio Solution File, Format Version 12.00
# Visual Studio Version 17
VisualStudioVersion = 17.7.34009.444
MinimumVisualStudioVersion = 10.0.40219.1
Project("{9A19103F-16F7-4668-BE54-9A1E7A4F7556}") = "BitcoinCli", "BitcoinCli\BitcoinCli.csproj", "{3B83D950-AE1A-407E-825A-689767BDAC63}"
EndProject
Project("{FAE04EC0-301F-11D3-BF4B-00C04F79EFBC}") = "Core", "Core\Core.csproj", "{DB844424-88F8-42EA-8227-FB999238CA80}"
EndProject
Project("{FAE04EC0-301F-11D3-BF4B-00C04F79EFBC}") = "Test", "Test\Test.csproj", "{E653D02F-348C-4124-8EA8-881884A91EDA}"
EndProject
Global
	GlobalSection(SolutionConfigurationPlatforms) = preSolution
		Debug|Any CPU = Debug|Any CPU
		Release|Any CPU = Release|Any CPU
	EndGlobalSection
	GlobalSection(ProjectConfigurationPlatforms) = postSolution
		{3B83D950-AE1A-407E-825A-689767BDAC63}.Debug|Any CPU.ActiveCfg = Debug|Any CPU
		{3B83D950-AE1A-407E-825A-689767BDAC63}.Debug|Any CPU.Build.0 = Debug|Any CPU
		{3B83D950-AE1A-407E-825A-689767BDAC63}.Release|Any CPU.ActiveCfg = Release|Any CPU
		{3B83D950-AE1A-407E-825A-689767BDAC63}.Release|Any CPU.Build.0 = Release|Any CPU
		{DB844424-88F8-42EA-8227-FB999238CA80}.Debug|Any CPU.ActiveCfg = Debug|Any CPU
		{DB844424-88F8-42EA-8227-FB999238CA80}.Debug|Any CPU.Build.0 = Debug|Any CPU
		{DB844424-88F8-42EA-8227-FB999238CA80}.Release|Any CPU.ActiveCfg = Release|Any CPU
		{DB844424-88F8-42EA-8227-FB999238CA80}.Release|Any CPU.Build.0 = Release|Any CPU
		{E653D02F-348C-4124-8EA8-881884A91EDA}.Debug|Any CPU.ActiveCfg = Debug|Any CPU
		{E653D02F-348C-4124-8EA8-881884A91EDA}.Debug|Any CPU.Build.0 = Debug|Any CPU
		{E653D02F-348C-4124-8EA8-881884A91EDA}.Release|Any CPU.ActiveCfg = Release|Any CPU
		{E653D02F-348C-4124-8EA8-881884A91EDA}.Release|Any CPU.Build.0 = Release|Any CPU
	EndGlobalSection
	GlobalSection(SolutionProperties) = preSolution
		HideSolutionNode = FALSE
	EndGlobalSection
	GlobalSection(ExtensibilityGlobals) = postSolution
		SolutionGuid = {189EC601-4912-44B1-9D89-2D6CCCCFFD04}
	EndGlobalSection
EndGlobal
